
Microsoft Visual Studio Solution File, Format Version 10.00
# Visual Studio 2008
Project("{FAE04EC0-301F-11D3-BF4B-00C04F79EFBC}") = "DotWeb.Sample.MVC", "DotWeb.Sample.MVC\DotWeb.Sample.MVC.csproj", "{2350D2AD-CE9D-41F7-AB47-18D2824FADD2}"
EndProject
Project("{FAE04EC0-301F-11D3-BF4B-00C04F79EFBC}") = "DotWeb.Sample.Client", "DotWeb.Sample.Script\DotWeb.Sample.Client.csproj", "{1D730EA2-0129-47B6-AA92-9D2C14EF38CD}"
EndProject
Global
	GlobalSection(SolutionConfigurationPlatforms) = preSolution
		Debug|Any CPU = Debug|Any CPU
		Release|Any CPU = Release|Any CPU
	EndGlobalSection
	GlobalSection(ProjectConfigurationPlatforms) = postSolution
		{2350D2AD-CE9D-41F7-AB47-18D2824FADD2}.Debug|Any CPU.ActiveCfg = Debug|Any CPU
		{2350D2AD-CE9D-41F7-AB47-18D2824FADD2}.Debug|Any CPU.Build.0 = Debug|Any CPU
		{2350D2AD-CE9D-41F7-AB47-18D2824FADD2}.Release|Any CPU.ActiveCfg = Release|Any CPU
		{2350D2AD-CE9D-41F7-AB47-18D2824FADD2}.Release|Any CPU.Build.0 = Release|Any CPU
		{1D730EA2-0129-47B6-AA92-9D2C14EF38CD}.Debug|Any CPU.ActiveCfg = Debug|Any CPU
		{1D730EA2-0129-47B6-AA92-9D2C14EF38CD}.Debug|Any CPU.Build.0 = Debug|Any CPU
		{1D730EA2-0129-47B6-AA92-9D2C14EF38CD}.Release|Any CPU.ActiveCfg = Release|Any CPU
		{1D730EA2-0129-47B6-AA92-9D2C14EF38CD}.Release|Any CPU.Build.0 = Release|Any CPU
	EndGlobalSection
	GlobalSection(SolutionProperties) = preSolution
		HideSolutionNode = FALSE
	EndGlobalSection
EndGlobal
